
Microsoft Visual Studio Solution File, Format Version 12.00
# Visual Studio Version 17
VisualStudioVersion = 17.1.32228.430
MinimumVisualStudioVersion = 10.0.40219.1
Project("{FAE04EC0-301F-11D3-BF4B-00C04F79EFBC}") = "EV3_Examen_Ejercicio_02", "EV3_Examen_Ejercicio_02\EV3_Examen_Ejercicio_02.csproj", "{E474F9A4-851C-4CF3-A2DD-F6FCB329ABF7}"
EndProject
Global
	GlobalSection(SolutionConfigurationPlatforms) = preSolution
		Debug|Any CPU = Debug|Any CPU
		Release|Any CPU = Release|Any CPU
	EndGlobalSection
	GlobalSection(ProjectConfigurationPlatforms) = postSolution
		{E474F9A4-851C-4CF3-A2DD-F6FCB329ABF7}.Debug|Any CPU.ActiveCfg = Debug|Any CPU
		{E474F9A4-851C-4CF3-A2DD-F6FCB329ABF7}.Debug|Any CPU.Build.0 = Debug|Any CPU
		{E474F9A4-851C-4CF3-A2DD-F6FCB329ABF7}.Release|Any CPU.ActiveCfg = Release|Any CPU
		{E474F9A4-851C-4CF3-A2DD-F6FCB329ABF7}.Release|Any CPU.Build.0 = Release|Any CPU
	EndGlobalSection
	GlobalSection(SolutionProperties) = preSolution
		HideSolutionNode = FALSE
	EndGlobalSection
	GlobalSection(ExtensibilityGlobals) = postSolution
		SolutionGuid = {25412D4B-E4B8-4281-91CF-76932E50A559}
	EndGlobalSection
EndGlobal
